// !$*UTF8*$!
{
	archiveVersion = 1;
	classes = {
	};
	objectVersion = 51;
	objects = {

/* Begin PBXBuildFile section */
		227C836A573D833D669D0BB3 /* Pods_GroupGroceryList.framework in Frameworks */ = {isa = PBXBuildFile; fileRef = FDE7414D845F2CEF5DF80EB3 /* Pods_GroupGroceryList.framework */; };
		295D1F31272073AD00D23887 /* AppDelegate.swift in Sources */ = {isa = PBXBuildFile; fileRef = 295D1F30272073AD00D23887 /* AppDelegate.swift */; };
		295D1F33272073AD00D23887 /* SceneDelegate.swift in Sources */ = {isa = PBXBuildFile; fileRef = 295D1F32272073AD00D23887 /* SceneDelegate.swift */; };
		295D1F38272073AD00D23887 /* Main.storyboard in Resources */ = {isa = PBXBuildFile; fileRef = 295D1F36272073AD00D23887 /* Main.storyboard */; };
		295D1F3A272073B900D23887 /* Assets.xcassets in Resources */ = {isa = PBXBuildFile; fileRef = 295D1F39272073B900D23887 /* Assets.xcassets */; };
		295D1F3D272073B900D23887 /* LaunchScreen.storyboard in Resources */ = {isa = PBXBuildFile; fileRef = 295D1F3B272073B900D23887 /* LaunchScreen.storyboard */; };
		295D1F48272073B900D23887 /* GroupGroceryListTests.swift in Sources */ = {isa = PBXBuildFile; fileRef = 295D1F47272073B900D23887 /* GroupGroceryListTests.swift */; };
		295D1F53272073B900D23887 /* GroupGroceryListUITests.swift in Sources */ = {isa = PBXBuildFile; fileRef = 295D1F52272073B900D23887 /* GroupGroceryListUITests.swift */; };
		614255DF5FD99ACE00CFBDEF /* Pods_GroupGroceryListTests.framework in Frameworks */ = {isa = PBXBuildFile; fileRef = 44B254EA9487676F6A73867A /* Pods_GroupGroceryListTests.framework */; };
		B39E9DA496BADF2607114357 /* Pods_GroupGroceryList_GroupGroceryListUITests.framework in Frameworks */ = {isa = PBXBuildFile; fileRef = 7924DABAD258C617DEB2D53C /* Pods_GroupGroceryList_GroupGroceryListUITests.framework */; };
		D26B02A32734AE0D006616D3 /* LoginViewController.swift in Sources */ = {isa = PBXBuildFile; fileRef = D26B02A22734AE0D006616D3 /* LoginViewController.swift */; };
		D26B02A52734C1EB006616D3 /* SignUpViewController.swift in Sources */ = {isa = PBXBuildFile; fileRef = D26B02A42734C1EB006616D3 /* SignUpViewController.swift */; };
		D26B02A72735F5A6006616D3 /* HomeViewController.swift in Sources */ = {isa = PBXBuildFile; fileRef = D26B02A62735F5A6006616D3 /* HomeViewController.swift */; };
		D26B02A927360540006616D3 /* AddUserController.swift in Sources */ = {isa = PBXBuildFile; fileRef = D26B02A827360540006616D3 /* AddUserController.swift */; };
		D26B02AB27361450006616D3 /* EachUserCell.swift in Sources */ = {isa = PBXBuildFile; fileRef = D26B02AA27361450006616D3 /* EachUserCell.swift */; };
/* End PBXBuildFile section */

/* Begin PBXContainerItemProxy section */
		295D1F44272073B900D23887 /* PBXContainerItemProxy */ = {
			isa = PBXContainerItemProxy;
			containerPortal = 295D1F25272073AD00D23887 /* Project object */;
			proxyType = 1;
			remoteGlobalIDString = 295D1F2C272073AD00D23887;
			remoteInfo = GroupGroceryList;
		};
		295D1F4F272073B900D23887 /* PBXContainerItemProxy */ = {
			isa = PBXContainerItemProxy;
			containerPortal = 295D1F25272073AD00D23887 /* Project object */;
			proxyType = 1;
			remoteGlobalIDString = 295D1F2C272073AD00D23887;
			remoteInfo = GroupGroceryList;
		};
/* End PBXContainerItemProxy section */

/* Begin PBXFileReference section */
		0BE6BDBFFD4DAC2DA236C7A3 /* Pods-GroupGroceryListTests.debug.xcconfig */ = {isa = PBXFileReference; includeInIndex = 1; lastKnownFileType = text.xcconfig; name = "Pods-GroupGroceryListTests.debug.xcconfig"; path = "Target Support Files/Pods-GroupGroceryListTests/Pods-GroupGroceryListTests.debug.xcconfig"; sourceTree = "<group>"; };
		1E067153983E9D67DCFA4592 /* Pods-GroupGroceryList.debug.xcconfig */ = {isa = PBXFileReference; includeInIndex = 1; lastKnownFileType = text.xcconfig; name = "Pods-GroupGroceryList.debug.xcconfig"; path = "Target Support Files/Pods-GroupGroceryList/Pods-GroupGroceryList.debug.xcconfig"; sourceTree = "<group>"; };
		295D1F2D272073AD00D23887 /* GroupGroceryList.app */ = {isa = PBXFileReference; explicitFileType = wrapper.application; includeInIndex = 0; path = GroupGroceryList.app; sourceTree = BUILT_PRODUCTS_DIR; };
		295D1F30272073AD00D23887 /* AppDelegate.swift */ = {isa = PBXFileReference; lastKnownFileType = sourcecode.swift; path = AppDelegate.swift; sourceTree = "<group>"; };
		295D1F32272073AD00D23887 /* SceneDelegate.swift */ = {isa = PBXFileReference; lastKnownFileType = sourcecode.swift; path = SceneDelegate.swift; sourceTree = "<group>"; };
		295D1F37272073AD00D23887 /* Base */ = {isa = PBXFileReference; lastKnownFileType = file.storyboard; name = Base; path = Base.lproj/Main.storyboard; sourceTree = "<group>"; };
		295D1F39272073B900D23887 /* Assets.xcassets */ = {isa = PBXFileReference; lastKnownFileType = folder.assetcatalog; path = Assets.xcassets; sourceTree = "<group>"; };
		295D1F3C272073B900D23887 /* Base */ = {isa = PBXFileReference; lastKnownFileType = file.storyboard; name = Base; path = Base.lproj/LaunchScreen.storyboard; sourceTree = "<group>"; };
		295D1F3E272073B900D23887 /* Info.plist */ = {isa = PBXFileReference; lastKnownFileType = text.plist.xml; path = Info.plist; sourceTree = "<group>"; };
		295D1F43272073B900D23887 /* GroupGroceryListTests.xctest */ = {isa = PBXFileReference; explicitFileType = wrapper.cfbundle; includeInIndex = 0; path = GroupGroceryListTests.xctest; sourceTree = BUILT_PRODUCTS_DIR; };
		295D1F47272073B900D23887 /* GroupGroceryListTests.swift */ = {isa = PBXFileReference; lastKnownFileType = sourcecode.swift; path = GroupGroceryListTests.swift; sourceTree = "<group>"; };
		295D1F49272073B900D23887 /* Info.plist */ = {isa = PBXFileReference; lastKnownFileType = text.plist.xml; path = Info.plist; sourceTree = "<group>"; };
		295D1F4E272073B900D23887 /* GroupGroceryListUITests.xctest */ = {isa = PBXFileReference; explicitFileType = wrapper.cfbundle; includeInIndex = 0; path = GroupGroceryListUITests.xctest; sourceTree = BUILT_PRODUCTS_DIR; };
		295D1F52272073B900D23887 /* GroupGroceryListUITests.swift */ = {isa = PBXFileReference; lastKnownFileType = sourcecode.swift; path = GroupGroceryListUITests.swift; sourceTree = "<group>"; };
		295D1F54272073B900D23887 /* Info.plist */ = {isa = PBXFileReference; lastKnownFileType = text.plist.xml; path = Info.plist; sourceTree = "<group>"; };
		36D1FBC1D94D1176B9DD3442 /* Pods-GroupGroceryList-GroupGroceryListUITests.debug.xcconfig */ = {isa = PBXFileReference; includeInIndex = 1; lastKnownFileType = text.xcconfig; name = "Pods-GroupGroceryList-GroupGroceryListUITests.debug.xcconfig"; path = "Target Support Files/Pods-GroupGroceryList-GroupGroceryListUITests/Pods-GroupGroceryList-GroupGroceryListUITests.debug.xcconfig"; sourceTree = "<group>"; };
		44B254EA9487676F6A73867A /* Pods_GroupGroceryListTests.framework */ = {isa = PBXFileReference; explicitFileType = wrapper.framework; includeInIndex = 0; path = Pods_GroupGroceryListTests.framework; sourceTree = BUILT_PRODUCTS_DIR; };
		670A225ECF4A9B010487475B /* Pods-GroupGroceryList-GroupGroceryListUITests.release.xcconfig */ = {isa = PBXFileReference; includeInIndex = 1; lastKnownFileType = text.xcconfig; name = "Pods-GroupGroceryList-GroupGroceryListUITests.release.xcconfig"; path = "Target Support Files/Pods-GroupGroceryList-GroupGroceryListUITests/Pods-GroupGroceryList-GroupGroceryListUITests.release.xcconfig"; sourceTree = "<group>"; };
		7924DABAD258C617DEB2D53C /* Pods_GroupGroceryList_GroupGroceryListUITests.framework */ = {isa = PBXFileReference; explicitFileType = wrapper.framework; includeInIndex = 0; path = Pods_GroupGroceryList_GroupGroceryListUITests.framework; sourceTree = BUILT_PRODUCTS_DIR; };
		9A84E3A4424109363DAF3FA7 /* Pods-GroupGroceryList.release.xcconfig */ = {isa = PBXFileReference; includeInIndex = 1; lastKnownFileType = text.xcconfig; name = "Pods-GroupGroceryList.release.xcconfig"; path = "Target Support Files/Pods-GroupGroceryList/Pods-GroupGroceryList.release.xcconfig"; sourceTree = "<group>"; };
		D26B02A22734AE0D006616D3 /* LoginViewController.swift */ = {isa = PBXFileReference; lastKnownFileType = sourcecode.swift; path = LoginViewController.swift; sourceTree = "<group>"; };
		D26B02A42734C1EB006616D3 /* SignUpViewController.swift */ = {isa = PBXFileReference; lastKnownFileType = sourcecode.swift; path = SignUpViewController.swift; sourceTree = "<group>"; };
		D26B02A62735F5A6006616D3 /* HomeViewController.swift */ = {isa = PBXFileReference; lastKnownFileType = sourcecode.swift; path = HomeViewController.swift; sourceTree = "<group>"; };
		D26B02A827360540006616D3 /* AddUserController.swift */ = {isa = PBXFileReference; lastKnownFileType = sourcecode.swift; path = AddUserController.swift; sourceTree = "<group>"; };
		D26B02AA27361450006616D3 /* EachUserCell.swift */ = {isa = PBXFileReference; lastKnownFileType = sourcecode.swift; path = EachUserCell.swift; sourceTree = "<group>"; };
		EC43E19948F6C38E71D8AB4D /* Pods-GroupGroceryListTests.release.xcconfig */ = {isa = PBXFileReference; includeInIndex = 1; lastKnownFileType = text.xcconfig; name = "Pods-GroupGroceryListTests.release.xcconfig"; path = "Target Support Files/Pods-GroupGroceryListTests/Pods-GroupGroceryListTests.release.xcconfig"; sourceTree = "<group>"; };
		FDE7414D845F2CEF5DF80EB3 /* Pods_GroupGroceryList.framework */ = {isa = PBXFileReference; explicitFileType = wrapper.framework; includeInIndex = 0; path = Pods_GroupGroceryList.framework; sourceTree = BUILT_PRODUCTS_DIR; };
/* End PBXFileReference section */

/* Begin PBXFrameworksBuildPhase section */
		295D1F2A272073AD00D23887 /* Frameworks */ = {
			isa = PBXFrameworksBuildPhase;
			buildActionMask = 2147483647;
			files = (
				227C836A573D833D669D0BB3 /* Pods_GroupGroceryList.framework in Frameworks */,
			);
			runOnlyForDeploymentPostprocessing = 0;
		};
		295D1F40272073B900D23887 /* Frameworks */ = {
			isa = PBXFrameworksBuildPhase;
			buildActionMask = 2147483647;
			files = (
				614255DF5FD99ACE00CFBDEF /* Pods_GroupGroceryListTests.framework in Frameworks */,
			);
			runOnlyForDeploymentPostprocessing = 0;
		};
		295D1F4B272073B900D23887 /* Frameworks */ = {
			isa = PBXFrameworksBuildPhase;
			buildActionMask = 2147483647;
			files = (
				B39E9DA496BADF2607114357 /* Pods_GroupGroceryList_GroupGroceryListUITests.framework in Frameworks */,
			);
			runOnlyForDeploymentPostprocessing = 0;
		};
/* End PBXFrameworksBuildPhase section */

/* Begin PBXGroup section */
		295D1F24272073AD00D23887 = {
			isa = PBXGroup;
			children = (
				295D1F2F272073AD00D23887 /* GroupGroceryList */,
				295D1F46272073B900D23887 /* GroupGroceryListTests */,
				295D1F51272073B900D23887 /* GroupGroceryListUITests */,
				295D1F2E272073AD00D23887 /* Products */,
				8D696C9538D4C70851886D2A /* Pods */,
				F1EECE6A368261D38E4DE7B4 /* Frameworks */,
			);
			sourceTree = "<group>";
		};
		295D1F2E272073AD00D23887 /* Products */ = {
			isa = PBXGroup;
			children = (
				295D1F2D272073AD00D23887 /* GroupGroceryList.app */,
				295D1F43272073B900D23887 /* GroupGroceryListTests.xctest */,
				295D1F4E272073B900D23887 /* GroupGroceryListUITests.xctest */,
			);
			name = Products;
			sourceTree = "<group>";
		};
		295D1F2F272073AD00D23887 /* GroupGroceryList */ = {
			isa = PBXGroup;
			children = (
				295D1F30272073AD00D23887 /* AppDelegate.swift */,
				D26B02A22734AE0D006616D3 /* LoginViewController.swift */,
				295D1F32272073AD00D23887 /* SceneDelegate.swift */,
				295D1F36272073AD00D23887 /* Main.storyboard */,
				D26B02A827360540006616D3 /* AddUserController.swift */,
				D26B02A62735F5A6006616D3 /* HomeViewController.swift */,
				295D1F39272073B900D23887 /* Assets.xcassets */,
				295D1F3B272073B900D23887 /* LaunchScreen.storyboard */,
				295D1F3E272073B900D23887 /* Info.plist */,
				D26B02A42734C1EB006616D3 /* SignUpViewController.swift */,
				D26B02AA27361450006616D3 /* EachUserCell.swift */,
			);
			path = GroupGroceryList;
			sourceTree = "<group>";
		};
		295D1F46272073B900D23887 /* GroupGroceryListTests */ = {
			isa = PBXGroup;
			children = (
				295D1F47272073B900D23887 /* GroupGroceryListTests.swift */,
				295D1F49272073B900D23887 /* Info.plist */,
			);
			path = GroupGroceryListTests;
			sourceTree = "<group>";
		};
		295D1F51272073B900D23887 /* GroupGroceryListUITests */ = {
			isa = PBXGroup;
			children = (
				295D1F52272073B900D23887 /* GroupGroceryListUITests.swift */,
				295D1F54272073B900D23887 /* Info.plist */,
			);
			path = GroupGroceryListUITests;
			sourceTree = "<group>";
		};
		8D696C9538D4C70851886D2A /* Pods */ = {
			isa = PBXGroup;
			children = (
				1E067153983E9D67DCFA4592 /* Pods-GroupGroceryList.debug.xcconfig */,
				9A84E3A4424109363DAF3FA7 /* Pods-GroupGroceryList.release.xcconfig */,
				36D1FBC1D94D1176B9DD3442 /* Pods-GroupGroceryList-GroupGroceryListUITests.debug.xcconfig */,
				670A225ECF4A9B010487475B /* Pods-GroupGroceryList-GroupGroceryListUITests.release.xcconfig */,
				0BE6BDBFFD4DAC2DA236C7A3 /* Pods-GroupGroceryListTests.debug.xcconfig */,
				EC43E19948F6C38E71D8AB4D /* Pods-GroupGroceryListTests.release.xcconfig */,
			);
			path = Pods;
			sourceTree = "<group>";
		};
		F1EECE6A368261D38E4DE7B4 /* Frameworks */ = {
			isa = PBXGroup;
			children = (
				FDE7414D845F2CEF5DF80EB3 /* Pods_GroupGroceryList.framework */,
				7924DABAD258C617DEB2D53C /* Pods_GroupGroceryList_GroupGroceryListUITests.framework */,
				44B254EA9487676F6A73867A /* Pods_GroupGroceryListTests.framework */,
			);
			name = Frameworks;
			sourceTree = "<group>";
		};
/* End PBXGroup section */

/* Begin PBXNativeTarget section */
		295D1F2C272073AD00D23887 /* GroupGroceryList */ = {
			isa = PBXNativeTarget;
			buildConfigurationList = 295D1F57272073B900D23887 /* Build configuration list for PBXNativeTarget "GroupGroceryList" */;
			buildPhases = (
				0624FA5E17E2F253508947A0 /* [CP] Check Pods Manifest.lock */,
				295D1F29272073AD00D23887 /* Sources */,
				295D1F2A272073AD00D23887 /* Frameworks */,
				295D1F2B272073AD00D23887 /* Resources */,
				AAB9FFE7DDFE7B5F86393544 /* [CP] Embed Pods Frameworks */,
			);
			buildRules = (
			);
			dependencies = (
			);
			name = GroupGroceryList;
			productName = GroupGroceryList;
			productReference = 295D1F2D272073AD00D23887 /* GroupGroceryList.app */;
			productType = "com.apple.product-type.application";
		};
		295D1F42272073B900D23887 /* GroupGroceryListTests */ = {
			isa = PBXNativeTarget;
			buildConfigurationList = 295D1F5A272073B900D23887 /* Build configuration list for PBXNativeTarget "GroupGroceryListTests" */;
			buildPhases = (
				4D615317F438FC01102D897D /* [CP] Check Pods Manifest.lock */,
				295D1F3F272073B900D23887 /* Sources */,
				295D1F40272073B900D23887 /* Frameworks */,
				295D1F41272073B900D23887 /* Resources */,
			);
			buildRules = (
			);
			dependencies = (
				295D1F45272073B900D23887 /* PBXTargetDependency */,
			);
			name = GroupGroceryListTests;
			productName = GroupGroceryListTests;
			productReference = 295D1F43272073B900D23887 /* GroupGroceryListTests.xctest */;
			productType = "com.apple.product-type.bundle.unit-test";
		};
		295D1F4D272073B900D23887 /* GroupGroceryListUITests */ = {
			isa = PBXNativeTarget;
			buildConfigurationList = 295D1F5D272073B900D23887 /* Build configuration list for PBXNativeTarget "GroupGroceryListUITests" */;
			buildPhases = (
				4D7784567459558BDCECD482 /* [CP] Check Pods Manifest.lock */,
				295D1F4A272073B900D23887 /* Sources */,
				295D1F4B272073B900D23887 /* Frameworks */,
				295D1F4C272073B900D23887 /* Resources */,
				8AD4AC214D02DB3DF0755F12 /* [CP] Embed Pods Frameworks */,
			);
			buildRules = (
			);
			dependencies = (
				295D1F50272073B900D23887 /* PBXTargetDependency */,
			);
			name = GroupGroceryListUITests;
			productName = GroupGroceryListUITests;
			productReference = 295D1F4E272073B900D23887 /* GroupGroceryListUITests.xctest */;
			productType = "com.apple.product-type.bundle.ui-testing";
		};
/* End PBXNativeTarget section */

/* Begin PBXProject section */
		295D1F25272073AD00D23887 /* Project object */ = {
			isa = PBXProject;
			attributes = {
				LastSwiftUpdateCheck = 1250;
				LastUpgradeCheck = 1250;
				TargetAttributes = {
					295D1F2C272073AD00D23887 = {
						CreatedOnToolsVersion = 12.5.1;
					};
					295D1F42272073B900D23887 = {
						CreatedOnToolsVersion = 12.5.1;
						TestTargetID = 295D1F2C272073AD00D23887;
					};
					295D1F4D272073B900D23887 = {
						CreatedOnToolsVersion = 12.5.1;
						TestTargetID = 295D1F2C272073AD00D23887;
					};
				};
			};
			buildConfigurationList = 295D1F28272073AD00D23887 /* Build configuration list for PBXProject "GroupGroceryList" */;
			compatibilityVersion = "Xcode 9.3";
			developmentRegion = en;
			hasScannedForEncodings = 0;
			knownRegions = (
				en,
				Base,
			);
			mainGroup = 295D1F24272073AD00D23887;
			productRefGroup = 295D1F2E272073AD00D23887 /* Products */;
			projectDirPath = "";
			projectRoot = "";
			targets = (
				295D1F2C272073AD00D23887 /* GroupGroceryList */,
				295D1F42272073B900D23887 /* GroupGroceryListTests */,
				295D1F4D272073B900D23887 /* GroupGroceryListUITests */,
			);
		};
/* End PBXProject section */

/* Begin PBXResourcesBuildPhase section */
		295D1F2B272073AD00D23887 /* Resources */ = {
			isa = PBXResourcesBuildPhase;
			buildActionMask = 2147483647;
			files = (
				295D1F3D272073B900D23887 /* LaunchScreen.storyboard in Resources */,
				295D1F3A272073B900D23887 /* Assets.xcassets in Resources */,
				295D1F38272073AD00D23887 /* Main.storyboard in Resources */,
			);
			runOnlyForDeploymentPostprocessing = 0;
		};
		295D1F41272073B900D23887 /* Resources */ = {
			isa = PBXResourcesBuildPhase;
			buildActionMask = 2147483647;
			files = (
			);
			runOnlyForDeploymentPostprocessing = 0;
		};
		295D1F4C272073B900D23887 /* Resources */ = {
			isa = PBXResourcesBuildPhase;
			buildActionMask = 2147483647;
			files = (
			);
			runOnlyForDeploymentPostprocessing = 0;
		};
/* End PBXResourcesBuildPhase section */

/* Begin PBXShellScriptBuildPhase section */
		0624FA5E17E2F253508947A0 /* [CP] Check Pods Manifest.lock */ = {
			isa = PBXShellScriptBuildPhase;
			buildActionMask = 2147483647;
			files = (
			);
			inputFileListPaths = (
			);
			inputPaths = (
				"${PODS_PODFILE_DIR_PATH}/Podfile.lock",
				"${PODS_ROOT}/Manifest.lock",
			);
			name = "[CP] Check Pods Manifest.lock";
			outputFileListPaths = (
			);
			outputPaths = (
				"$(DERIVED_FILE_DIR)/Pods-GroupGroceryList-checkManifestLockResult.txt",
			);
			runOnlyForDeploymentPostprocessing = 0;
			shellPath = /bin/sh;
			shellScript = "diff \"${PODS_PODFILE_DIR_PATH}/Podfile.lock\" \"${PODS_ROOT}/Manifest.lock\" > /dev/null\nif [ $? != 0 ] ; then\n    # print error to STDERR\n    echo \"error: The sandbox is not in sync with the Podfile.lock. Run 'pod install' or update your CocoaPods installation.\" >&2\n    exit 1\nfi\n# This output is used by Xcode 'outputs' to avoid re-running this script phase.\necho \"SUCCESS\" > \"${SCRIPT_OUTPUT_FILE_0}\"\n";
			showEnvVarsInLog = 0;
		};
		4D615317F438FC01102D897D /* [CP] Check Pods Manifest.lock */ = {
			isa = PBXShellScriptBuildPhase;
			buildActionMask = 2147483647;
			files = (
			);
			inputFileListPaths = (
			);
			inputPaths = (
				"${PODS_PODFILE_DIR_PATH}/Podfile.lock",
				"${PODS_ROOT}/Manifest.lock",
			);
			name = "[CP] Check Pods Manifest.lock";
			outputFileListPaths = (
			);
			outputPaths = (
				"$(DERIVED_FILE_DIR)/Pods-GroupGroceryListTests-checkManifestLockResult.txt",
			);
			runOnlyForDeploymentPostprocessing = 0;
			shellPath = /bin/sh;
			shellScript = "diff \"${PODS_PODFILE_DIR_PATH}/Podfile.lock\" \"${PODS_ROOT}/Manifest.lock\" > /dev/null\nif [ $? != 0 ] ; then\n    # print error to STDERR\n    echo \"error: The sandbox is not in sync with the Podfile.lock. Run 'pod install' or update your CocoaPods installation.\" >&2\n    exit 1\nfi\n# This output is used by Xcode 'outputs' to avoid re-running this script phase.\necho \"SUCCESS\" > \"${SCRIPT_OUTPUT_FILE_0}\"\n";
			showEnvVarsInLog = 0;
		};
		4D7784567459558BDCECD482 /* [CP] Check Pods Manifest.lock */ = {
			isa = PBXShellScriptBuildPhase;
			buildActionMask = 2147483647;
			files = (
			);
			inputFileListPaths = (
			);
			inputPaths = (
				"${PODS_PODFILE_DIR_PATH}/Podfile.lock",
				"${PODS_ROOT}/Manifest.lock",
			);
			name = "[CP] Check Pods Manifest.lock";
			outputFileListPaths = (
			);
			outputPaths = (
				"$(DERIVED_FILE_DIR)/Pods-GroupGroceryList-GroupGroceryListUITests-checkManifestLockResult.txt",
			);
			runOnlyForDeploymentPostprocessing = 0;
			shellPath = /bin/sh;
			shellScript = "diff \"${PODS_PODFILE_DIR_PATH}/Podfile.lock\" \"${PODS_ROOT}/Manifest.lock\" > /dev/null\nif [ $? != 0 ] ; then\n    # print error to STDERR\n    echo \"error: The sandbox is not in sync with the Podfile.lock. Run 'pod install' or update your CocoaPods installation.\" >&2\n    exit 1\nfi\n# This output is used by Xcode 'outputs' to avoid re-running this script phase.\necho \"SUCCESS\" > \"${SCRIPT_OUTPUT_FILE_0}\"\n";
			showEnvVarsInLog = 0;
		};
		8AD4AC214D02DB3DF0755F12 /* [CP] Embed Pods Frameworks */ = {
			isa = PBXShellScriptBuildPhase;
			buildActionMask = 2147483647;
			files = (
			);
			inputFileListPaths = (
				"${PODS_ROOT}/Target Support Files/Pods-GroupGroceryList-GroupGroceryListUITests/Pods-GroupGroceryList-GroupGroceryListUITests-frameworks-${CONFIGURATION}-input-files.xcfilelist",
			);
			name = "[CP] Embed Pods Frameworks";
			outputFileListPaths = (
				"${PODS_ROOT}/Target Support Files/Pods-GroupGroceryList-GroupGroceryListUITests/Pods-GroupGroceryList-GroupGroceryListUITests-frameworks-${CONFIGURATION}-output-files.xcfilelist",
			);
			runOnlyForDeploymentPostprocessing = 0;
			shellPath = /bin/sh;
			shellScript = "\"${PODS_ROOT}/Target Support Files/Pods-GroupGroceryList-GroupGroceryListUITests/Pods-GroupGroceryList-GroupGroceryListUITests-frameworks.sh\"\n";
			showEnvVarsInLog = 0;
		};
		AAB9FFE7DDFE7B5F86393544 /* [CP] Embed Pods Frameworks */ = {
			isa = PBXShellScriptBuildPhase;
			buildActionMask = 2147483647;
			files = (
			);
			inputFileListPaths = (
				"${PODS_ROOT}/Target Support Files/Pods-GroupGroceryList/Pods-GroupGroceryList-frameworks-${CONFIGURATION}-input-files.xcfilelist",
			);
			name = "[CP] Embed Pods Frameworks";
			outputFileListPaths = (
				"${PODS_ROOT}/Target Support Files/Pods-GroupGroceryList/Pods-GroupGroceryList-frameworks-${CONFIGURATION}-output-files.xcfilelist",
			);
			runOnlyForDeploymentPostprocessing = 0;
			shellPath = /bin/sh;
			shellScript = "\"${PODS_ROOT}/Target Support Files/Pods-GroupGroceryList/Pods-GroupGroceryList-frameworks.sh\"\n";
			showEnvVarsInLog = 0;
		};
/* End PBXShellScriptBuildPhase section */

/* Begin PBXSourcesBuildPhase section */
		295D1F29272073AD00D23887 /* Sources */ = {
			isa = PBXSourcesBuildPhase;
			buildActionMask = 2147483647;
			files = (
				D26B02A72735F5A6006616D3 /* HomeViewController.swift in Sources */,
				D26B02A32734AE0D006616D3 /* LoginViewController.swift in Sources */,
				295D1F31272073AD00D23887 /* AppDelegate.swift in Sources */,
				295D1F33272073AD00D23887 /* SceneDelegate.swift in Sources */,
				D26B02A927360540006616D3 /* AddUserController.swift in Sources */,
				D26B02AB27361450006616D3 /* EachUserCell.swift in Sources */,
				D26B02A52734C1EB006616D3 /* SignUpViewController.swift in Sources */,
			);
			runOnlyForDeploymentPostprocessing = 0;
		};
		295D1F3F272073B900D23887 /* Sources */ = {
			isa = PBXSourcesBuildPhase;
			buildActionMask = 2147483647;
			files = (
				295D1F48272073B900D23887 /* GroupGroceryListTests.swift in Sources */,
			);
			runOnlyForDeploymentPostprocessing = 0;
		};
		295D1F4A272073B900D23887 /* Sources */ = {
			isa = PBXSourcesBuildPhase;
			buildActionMask = 2147483647;
			files = (
				295D1F53272073B900D23887 /* GroupGroceryListUITests.swift in Sources */,
			);
			runOnlyForDeploymentPostprocessing = 0;
		};
/* End PBXSourcesBuildPhase section */

/* Begin PBXTargetDependency section */
		295D1F45272073B900D23887 /* PBXTargetDependency */ = {
			isa = PBXTargetDependency;
			target = 295D1F2C272073AD00D23887 /* GroupGroceryList */;
			targetProxy = 295D1F44272073B900D23887 /* PBXContainerItemProxy */;
		};
		295D1F50272073B900D23887 /* PBXTargetDependency */ = {
			isa = PBXTargetDependency;
			target = 295D1F2C272073AD00D23887 /* GroupGroceryList */;
			targetProxy = 295D1F4F272073B900D23887 /* PBXContainerItemProxy */;
		};
/* End PBXTargetDependency section */

/* Begin PBXVariantGroup section */
		295D1F36272073AD00D23887 /* Main.storyboard */ = {
			isa = PBXVariantGroup;
			children = (
				295D1F37272073AD00D23887 /* Base */,
			);
			name = Main.storyboard;
			sourceTree = "<group>";
		};
		295D1F3B272073B900D23887 /* LaunchScreen.storyboard */ = {
			isa = PBXVariantGroup;
			children = (
				295D1F3C272073B900D23887 /* Base */,
			);
			name = LaunchScreen.storyboard;
			sourceTree = "<group>";
		};
/* End PBXVariantGroup section */

/* Begin XCBuildConfiguration section */
		295D1F55272073B900D23887 /* Debug */ = {
			isa = XCBuildConfiguration;
			buildSettings = {
				ALWAYS_SEARCH_USER_PATHS = NO;
				CLANG_ANALYZER_NONNULL = YES;
				CLANG_ANALYZER_NUMBER_OBJECT_CONVERSION = YES_AGGRESSIVE;
				CLANG_CXX_LANGUAGE_STANDARD = "gnu++14";
				CLANG_CXX_LIBRARY = "libc++";
				CLANG_ENABLE_MODULES = YES;
				CLANG_ENABLE_OBJC_ARC = YES;
				CLANG_ENABLE_OBJC_WEAK = YES;
				CLANG_WARN_BLOCK_CAPTURE_AUTORELEASING = YES;
				CLANG_WARN_BOOL_CONVERSION = YES;
				CLANG_WARN_COMMA = YES;
				CLANG_WARN_CONSTANT_CONVERSION = YES;
				CLANG_WARN_DEPRECATED_OBJC_IMPLEMENTATIONS = YES;
				CLANG_WARN_DIRECT_OBJC_ISA_USAGE = YES_ERROR;
				CLANG_WARN_DOCUMENTATION_COMMENTS = YES;
				CLANG_WARN_EMPTY_BODY = YES;
				CLANG_WARN_ENUM_CONVERSION = YES;
				CLANG_WARN_INFINITE_RECURSION = YES;
				CLANG_WARN_INT_CONVERSION = YES;
				CLANG_WARN_NON_LITERAL_NULL_CONVERSION = YES;
				CLANG_WARN_OBJC_IMPLICIT_RETAIN_SELF = YES;
				CLANG_WARN_OBJC_LITERAL_CONVERSION = YES;
				CLANG_WARN_OBJC_ROOT_CLASS = YES_ERROR;
				CLANG_WARN_QUOTED_INCLUDE_IN_FRAMEWORK_HEADER = YES;
				CLANG_WARN_RANGE_LOOP_ANALYSIS = YES;
				CLANG_WARN_STRICT_PROTOTYPES = YES;
				CLANG_WARN_SUSPICIOUS_MOVE = YES;
				CLANG_WARN_UNGUARDED_AVAILABILITY = YES_AGGRESSIVE;
				CLANG_WARN_UNREACHABLE_CODE = YES;
				CLANG_WARN__DUPLICATE_METHOD_MATCH = YES;
				COPY_PHASE_STRIP = NO;
				DEBUG_INFORMATION_FORMAT = dwarf;
				ENABLE_STRICT_OBJC_MSGSEND = YES;
				ENABLE_TESTABILITY = YES;
				GCC_C_LANGUAGE_STANDARD = gnu11;
				GCC_DYNAMIC_NO_PIC = NO;
				GCC_NO_COMMON_BLOCKS = YES;
				GCC_OPTIMIZATION_LEVEL = 0;
				GCC_PREPROCESSOR_DEFINITIONS = (
					"DEBUG=1",
					"$(inherited)",
				);
				GCC_WARN_64_TO_32_BIT_CONVERSION = YES;
				GCC_WARN_ABOUT_RETURN_TYPE = YES_ERROR;
				GCC_WARN_UNDECLARED_SELECTOR = YES;
				GCC_WARN_UNINITIALIZED_AUTOS = YES_AGGRESSIVE;
				GCC_WARN_UNUSED_FUNCTION = YES;
				GCC_WARN_UNUSED_VARIABLE = YES;
				IPHONEOS_DEPLOYMENT_TARGET = 14.5;
				MTL_ENABLE_DEBUG_INFO = INCLUDE_SOURCE;
				MTL_FAST_MATH = YES;
				ONLY_ACTIVE_ARCH = YES;
				SDKROOT = iphoneos;
				SWIFT_ACTIVE_COMPILATION_CONDITIONS = DEBUG;
				SWIFT_OPTIMIZATION_LEVEL = "-Onone";
			};
			name = Debug;
		};
		295D1F56272073B900D23887 /* Release */ = {
			isa = XCBuildConfiguration;
			buildSettings = {
				ALWAYS_SEARCH_USER_PATHS = NO;
				CLANG_ANALYZER_NONNULL = YES;
				CLANG_ANALYZER_NUMBER_OBJECT_CONVERSION = YES_AGGRESSIVE;
				CLANG_CXX_LANGUAGE_STANDARD = "gnu++14";
				CLANG_CXX_LIBRARY = "libc++";
				CLANG_ENABLE_MODULES = YES;
				CLANG_ENABLE_OBJC_ARC = YES;
				CLANG_ENABLE_OBJC_WEAK = YES;
				CLANG_WARN_BLOCK_CAPTURE_AUTORELEASING = YES;
				CLANG_WARN_BOOL_CONVERSION = YES;
				CLANG_WARN_COMMA = YES;
				CLANG_WARN_CONSTANT_CONVERSION = YES;
				CLANG_WARN_DEPRECATED_OBJC_IMPLEMENTATIONS = YES;
				CLANG_WARN_DIRECT_OBJC_ISA_USAGE = YES_ERROR;
				CLANG_WARN_DOCUMENTATION_COMMENTS = YES;
				CLANG_WARN_EMPTY_BODY = YES;
				CLANG_WARN_ENUM_CONVERSION = YES;
				CLANG_WARN_INFINITE_RECURSION = YES;
				CLANG_WARN_INT_CONVERSION = YES;
				CLANG_WARN_NON_LITERAL_NULL_CONVERSION = YES;
				CLANG_WARN_OBJC_IMPLICIT_RETAIN_SELF = YES;
				CLANG_WARN_OBJC_LITERAL_CONVERSION = YES;
				CLANG_WARN_OBJC_ROOT_CLASS = YES_ERROR;
				CLANG_WARN_QUOTED_INCLUDE_IN_FRAMEWORK_HEADER = YES;
				CLANG_WARN_RANGE_LOOP_ANALYSIS = YES;
				CLANG_WARN_STRICT_PROTOTYPES = YES;
				CLANG_WARN_SUSPICIOUS_MOVE = YES;
				CLANG_WARN_UNGUARDED_AVAILABILITY = YES_AGGRESSIVE;
				CLANG_WARN_UNREACHABLE_CODE = YES;
				CLANG_WARN__DUPLICATE_METHOD_MATCH = YES;
				COPY_PHASE_STRIP = NO;
				DEBUG_INFORMATION_FORMAT = "dwarf-with-dsym";
				ENABLE_NS_ASSERTIONS = NO;
				ENABLE_STRICT_OBJC_MSGSEND = YES;
				GCC_C_LANGUAGE_STANDARD = gnu11;
				GCC_NO_COMMON_BLOCKS = YES;
				GCC_WARN_64_TO_32_BIT_CONVERSION = YES;
				GCC_WARN_ABOUT_RETURN_TYPE = YES_ERROR;
				GCC_WARN_UNDECLARED_SELECTOR = YES;
				GCC_WARN_UNINITIALIZED_AUTOS = YES_AGGRESSIVE;
				GCC_WARN_UNUSED_FUNCTION = YES;
				GCC_WARN_UNUSED_VARIABLE = YES;
				IPHONEOS_DEPLOYMENT_TARGET = 14.5;
				MTL_ENABLE_DEBUG_INFO = NO;
				MTL_FAST_MATH = YES;
				SDKROOT = iphoneos;
				SWIFT_COMPILATION_MODE = wholemodule;
				SWIFT_OPTIMIZATION_LEVEL = "-O";
				VALIDATE_PRODUCT = YES;
			};
			name = Release;
		};
		295D1F58272073B900D23887 /* Debug */ = {
			isa = XCBuildConfiguration;
			baseConfigurationReference = 1E067153983E9D67DCFA4592 /* Pods-GroupGroceryList.debug.xcconfig */;
			buildSettings = {
				ASSETCATALOG_COMPILER_APPICON_NAME = AppIcon;
				ASSETCATALOG_COMPILER_GLOBAL_ACCENT_COLOR_NAME = AccentColor;
				CODE_SIGN_STYLE = Automatic;
				INFOPLIST_FILE = GroupGroceryList/Info.plist;
				LD_RUNPATH_SEARCH_PATHS = (
					"$(inherited)",
					"@executable_path/Frameworks",
				);
				PRODUCT_BUNDLE_IDENTIFIER = izlatkin.GroupGroceryList;
				PRODUCT_NAME = "$(TARGET_NAME)";
				SWIFT_VERSION = 5.0;
				TARGETED_DEVICE_FAMILY = "1,2";
			};
			name = Debug;
		};
		295D1F59272073B900D23887 /* Release */ = {
			isa = XCBuildConfiguration;
			baseConfigurationReference = 9A84E3A4424109363DAF3FA7 /* Pods-GroupGroceryList.release.xcconfig */;
			buildSettings = {
				ASSETCATALOG_COMPILER_APPICON_NAME = AppIcon;
				ASSETCATALOG_COMPILER_GLOBAL_ACCENT_COLOR_NAME = AccentColor;
				CODE_SIGN_STYLE = Automatic;
				INFOPLIST_FILE = GroupGroceryList/Info.plist;
				LD_RUNPATH_SEARCH_PATHS = (
					"$(inherited)",
					"@executable_path/Frameworks",
				);
				PRODUCT_BUNDLE_IDENTIFIER = izlatkin.GroupGroceryList;
				PRODUCT_NAME = "$(TARGET_NAME)";
				SWIFT_VERSION = 5.0;
				TARGETED_DEVICE_FAMILY = "1,2";
			};
			name = Release;
		};
		295D1F5B272073B900D23887 /* Debug */ = {
			isa = XCBuildConfiguration;
			baseConfigurationReference = 0BE6BDBFFD4DAC2DA236C7A3 /* Pods-GroupGroceryListTests.debug.xcconfig */;
			buildSettings = {
				ALWAYS_EMBED_SWIFT_STANDARD_LIBRARIES = YES;
				BUNDLE_LOADER = "$(TEST_HOST)";
				CODE_SIGN_STYLE = Automatic;
				INFOPLIST_FILE = GroupGroceryListTests/Info.plist;
				IPHONEOS_DEPLOYMENT_TARGET = 14.5;
				LD_RUNPATH_SEARCH_PATHS = (
					"$(inherited)",
					"@executable_path/Frameworks",
					"@loader_path/Frameworks",
				);
				PRODUCT_BUNDLE_IDENTIFIER = izlatkin.GroupGroceryListTests;
				PRODUCT_NAME = "$(TARGET_NAME)";
				SWIFT_VERSION = 5.0;
				TARGETED_DEVICE_FAMILY = "1,2";
				TEST_HOST = "$(BUILT_PRODUCTS_DIR)/GroupGroceryList.app/GroupGroceryList";
			};
			name = Debug;
		};
		295D1F5C272073B900D23887 /* Release */ = {
			isa = XCBuildConfiguration;
			baseConfigurationReference = EC43E19948F6C38E71D8AB4D /* Pods-GroupGroceryListTests.release.xcconfig */;
			buildSettings = {
				ALWAYS_EMBED_SWIFT_STANDARD_LIBRARIES = YES;
				BUNDLE_LOADER = "$(TEST_HOST)";
				CODE_SIGN_STYLE = Automatic;
				INFOPLIST_FILE = GroupGroceryListTests/Info.plist;
				IPHONEOS_DEPLOYMENT_TARGET = 14.5;
				LD_RUNPATH_SEARCH_PATHS = (
					"$(inherited)",
					"@executable_path/Frameworks",
					"@loader_path/Frameworks",
				);
				PRODUCT_BUNDLE_IDENTIFIER = izlatkin.GroupGroceryListTests;
				PRODUCT_NAME = "$(TARGET_NAME)";
				SWIFT_VERSION = 5.0;
				TARGETED_DEVICE_FAMILY = "1,2";
				TEST_HOST = "$(BUILT_PRODUCTS_DIR)/GroupGroceryList.app/GroupGroceryList";
			};
			name = Release;
		};
		295D1F5E272073B900D23887 /* Debug */ = {
			isa = XCBuildConfiguration;
			baseConfigurationReference = 36D1FBC1D94D1176B9DD3442 /* Pods-GroupGroceryList-GroupGroceryListUITests.debug.xcconfig */;
			buildSettings = {
				ALWAYS_EMBED_SWIFT_STANDARD_LIBRARIES = YES;
				CODE_SIGN_STYLE = Automatic;
				INFOPLIST_FILE = GroupGroceryListUITests/Info.plist;
				LD_RUNPATH_SEARCH_PATHS = (
					"$(inherited)",
					"@executable_path/Frameworks",
					"@loader_path/Frameworks",
				);
				PRODUCT_BUNDLE_IDENTIFIER = izlatkin.GroupGroceryListUITests;
				PRODUCT_NAME = "$(TARGET_NAME)";
				SWIFT_VERSION = 5.0;
				TARGETED_DEVICE_FAMILY = "1,2";
				TEST_TARGET_NAME = GroupGroceryList;
			};
			name = Debug;
		};
		295D1F5F272073B900D23887 /* Release */ = {
			isa = XCBuildConfiguration;
			baseConfigurationReference = 670A225ECF4A9B010487475B /* Pods-GroupGroceryList-GroupGroceryListUITests.release.xcconfig */;
			buildSettings = {
				ALWAYS_EMBED_SWIFT_STANDARD_LIBRARIES = YES;
				CODE_SIGN_STYLE = Automatic;
				INFOPLIST_FILE = GroupGroceryListUITests/Info.plist;
				LD_RUNPATH_SEARCH_PATHS = (
					"$(inherited)",
					"@executable_path/Frameworks",
					"@loader_path/Frameworks",
				);
				PRODUCT_BUNDLE_IDENTIFIER = izlatkin.GroupGroceryListUITests;
				PRODUCT_NAME = "$(TARGET_NAME)";
				SWIFT_VERSION = 5.0;
				TARGETED_DEVICE_FAMILY = "1,2";
				TEST_TARGET_NAME = GroupGroceryList;
			};
			name = Release;
		};
/* End XCBuildConfiguration section */

/* Begin XCConfigurationList section */
		295D1F28272073AD00D23887 /* Build configuration list for PBXProject "GroupGroceryList" */ = {
			isa = XCConfigurationList;
			buildConfigurations = (
				295D1F55272073B900D23887 /* Debug */,
				295D1F56272073B900D23887 /* Release */,
			);
			defaultConfigurationIsVisible = 0;
			defaultConfigurationName = Release;
		};
		295D1F57272073B900D23887 /* Build configuration list for PBXNativeTarget "GroupGroceryList" */ = {
			isa = XCConfigurationList;
			buildConfigurations = (
				295D1F58272073B900D23887 /* Debug */,
				295D1F59272073B900D23887 /* Release */,
			);
			defaultConfigurationIsVisible = 0;
			defaultConfigurationName = Release;
		};
		295D1F5A272073B900D23887 /* Build configuration list for PBXNativeTarget "GroupGroceryListTests" */ = {
			isa = XCConfigurationList;
			buildConfigurations = (
				295D1F5B272073B900D23887 /* Debug */,
				295D1F5C272073B900D23887 /* Release */,
			);
			defaultConfigurationIsVisible = 0;
			defaultConfigurationName = Release;
		};
		295D1F5D272073B900D23887 /* Build configuration list for PBXNativeTarget "GroupGroceryListUITests" */ = {
			isa = XCConfigurationList;
			buildConfigurations = (
				295D1F5E272073B900D23887 /* Debug */,
				295D1F5F272073B900D23887 /* Release */,
			);
			defaultConfigurationIsVisible = 0;
			defaultConfigurationName = Release;
		};
/* End XCConfigurationList section */
	};
	rootObject = 295D1F25272073AD00D23887 /* Project object */;
}
