// !$*UTF8*$!
{
	archiveVersion = 1;
	classes = {
	};
	objectVersion = 50;
	objects = {

/* Begin PBXBuildFile section */
		295D1F31272073AD00D23887 /* AppDelegate.swift in Sources */ = {isa = PBXBuildFile; fileRef = 295D1F30272073AD00D23887 /* AppDelegate.swift */; };
		295D1F33272073AD00D23887 /* SceneDelegate.swift in Sources */ = {isa = PBXBuildFile; fileRef = 295D1F32272073AD00D23887 /* SceneDelegate.swift */; };
		295D1F35272073AD00D23887 /* ViewController.swift in Sources */ = {isa = PBXBuildFile; fileRef = 295D1F34272073AD00D23887 /* ViewController.swift */; };
		295D1F38272073AD00D23887 /* Main.storyboard in Resources */ = {isa = PBXBuildFile; fileRef = 295D1F36272073AD00D23887 /* Main.storyboard */; };
		295D1F3A272073B900D23887 /* Assets.xcassets in Resources */ = {isa = PBXBuildFile; fileRef = 295D1F39272073B900D23887 /* Assets.xcassets */; };
		295D1F3D272073B900D23887 /* LaunchScreen.storyboard in Resources */ = {isa = PBXBuildFile; fileRef = 295D1F3B272073B900D23887 /* LaunchScreen.storyboard */; };
		295D1F48272073B900D23887 /* GroupGroceryListTests.swift in Sources */ = {isa = PBXBuildFile; fileRef = 295D1F47272073B900D23887 /* GroupGroceryListTests.swift */; };
		295D1F53272073B900D23887 /* GroupGroceryListUITests.swift in Sources */ = {isa = PBXBuildFile; fileRef = 295D1F52272073B900D23887 /* GroupGroceryListUITests.swift */; };
/* End PBXBuildFile section */

/* Begin PBXContainerItemProxy section */
		295D1F44272073B900D23887 /* PBXContainerItemProxy */ = {
			isa = PBXContainerItemProxy;
			containerPortal = 295D1F25272073AD00D23887 /* Project object */;
			proxyType = 1;
			remoteGlobalIDString = 295D1F2C272073AD00D23887;
			remoteInfo = GroupGroceryList;
		};
		295D1F4F272073B900D23887 /* PBXContainerItemProxy */ = {
			isa = PBXContainerItemProxy;
			containerPortal = 295D1F25272073AD00D23887 /* Project object */;
			proxyType = 1;
			remoteGlobalIDString = 295D1F2C272073AD00D23887;
			remoteInfo = GroupGroceryList;
		};
/* End PBXContainerItemProxy section */

/* Begin PBXFileReference section */
		295D1F2D272073AD00D23887 /* GroupGroceryList.app */ = {isa = PBXFileReference; explicitFileType = wrapper.application; includeInIndex = 0; path = GroupGroceryList.app; sourceTree = BUILT_PRODUCTS_DIR; };
		295D1F30272073AD00D23887 /* AppDelegate.swift */ = {isa = PBXFileReference; lastKnownFileType = sourcecode.swift; path = AppDelegate.swift; sourceTree = "<group>"; };
		295D1F32272073AD00D23887 /* SceneDelegate.swift */ = {isa = PBXFileReference; lastKnownFileType = sourcecode.swift; path = SceneDelegate.swift; sourceTree = "<group>"; };
		295D1F34272073AD00D23887 /* ViewController.swift */ = {isa = PBXFileReference; lastKnownFileType = sourcecode.swift; path = ViewController.swift; sourceTree = "<group>"; };
		295D1F37272073AD00D23887 /* Base */ = {isa = PBXFileReference; lastKnownFileType = file.storyboard; name = Base; path = Base.lproj/Main.storyboard; sourceTree = "<group>"; };
		295D1F39272073B900D23887 /* Assets.xcassets */ = {isa = PBXFileReference; lastKnownFileType = folder.assetcatalog; path = Assets.xcassets; sourceTree = "<group>"; };
		295D1F3C272073B900D23887 /* Base */ = {isa = PBXFileReference; lastKnownFileType = file.storyboard; name = Base; path = Base.lproj/LaunchScreen.storyboard; sourceTree = "<group>"; };
		295D1F3E272073B900D23887 /* Info.plist */ = {isa = PBXFileReference; lastKnownFileType = text.plist.xml; path = Info.plist; sourceTree = "<group>"; };
		295D1F43272073B900D23887 /* GroupGroceryListTests.xctest */ = {isa = PBXFileReference; explicitFileType = wrapper.cfbundle; includeInIndex = 0; path = GroupGroceryListTests.xctest; sourceTree = BUILT_PRODUCTS_DIR; };
		295D1F47272073B900D23887 /* GroupGroceryListTests.swift */ = {isa = PBXFileReference; lastKnownFileType = sourcecode.swift; path = GroupGroceryListTests.swift; sourceTree = "<group>"; };
		295D1F49272073B900D23887 /* Info.plist */ = {isa = PBXFileReference; lastKnownFileType = text.plist.xml; path = Info.plist; sourceTree = "<group>"; };
		295D1F4E272073B900D23887 /* GroupGroceryListUITests.xctest */ = {isa = PBXFileReference; explicitFileType = wrapper.cfbundle; includeInIndex = 0; path = GroupGroceryListUITests.xctest; sourceTree = BUILT_PRODUCTS_DIR; };
		295D1F52272073B900D23887 /* GroupGroceryListUITests.swift */ = {isa = PBXFileReference; lastKnownFileType = sourcecode.swift; path = GroupGroceryListUITests.swift; sourceTree = "<group>"; };
		295D1F54272073B900D23887 /* Info.plist */ = {isa = PBXFileReference; lastKnownFileType = text.plist.xml; path = Info.plist; sourceTree = "<group>"; };
/* End PBXFileReference section */

/* Begin PBXFrameworksBuildPhase section */
		295D1F2A272073AD00D23887 /* Frameworks */ = {
			isa = PBXFrameworksBuildPhase;
			buildActionMask = 2147483647;
			files = (
			);
			runOnlyForDeploymentPostprocessing = 0;
		};
		295D1F40272073B900D23887 /* Frameworks */ = {
			isa = PBXFrameworksBuildPhase;
			buildActionMask = 2147483647;
			files = (
			);
			runOnlyForDeploymentPostprocessing = 0;
		};
		295D1F4B272073B900D23887 /* Frameworks */ = {
			isa = PBXFrameworksBuildPhase;
			buildActionMask = 2147483647;
			files = (
			);
			runOnlyForDeploymentPostprocessing = 0;
		};
/* End PBXFrameworksBuildPhase section */

/* Begin PBXGroup section */
		295D1F24272073AD00D23887 = {
			isa = PBXGroup;
			children = (
				295D1F2F272073AD00D23887 /* GroupGroceryList */,
				295D1F46272073B900D23887 /* GroupGroceryListTests */,
				295D1F51272073B900D23887 /* GroupGroceryListUITests */,
				295D1F2E272073AD00D23887 /* Products */,
			);
			sourceTree = "<group>";
		};
		295D1F2E272073AD00D23887 /* Products */ = {
			isa = PBXGroup;
			children = (
				295D1F2D272073AD00D23887 /* GroupGroceryList.app */,
				295D1F43272073B900D23887 /* GroupGroceryListTests.xctest */,
				295D1F4E272073B900D23887 /* GroupGroceryListUITests.xctest */,
			);
			name = Products;
			sourceTree = "<group>";
		};
		295D1F2F272073AD00D23887 /* GroupGroceryList */ = {
			isa = PBXGroup;
			children = (
				295D1F30272073AD00D23887 /* AppDelegate.swift */,
				295D1F32272073AD00D23887 /* SceneDelegate.swift */,
				295D1F34272073AD00D23887 /* ViewController.swift */,
				295D1F36272073AD00D23887 /* Main.storyboard */,
				295D1F39272073B900D23887 /* Assets.xcassets */,
				295D1F3B272073B900D23887 /* LaunchScreen.storyboard */,
				295D1F3E272073B900D23887 /* Info.plist */,
			);
			path = GroupGroceryList;
			sourceTree = "<group>";
		};
		295D1F46272073B900D23887 /* GroupGroceryListTests */ = {
			isa = PBXGroup;
			children = (
				295D1F47272073B900D23887 /* GroupGroceryListTests.swift */,
				295D1F49272073B900D23887 /* Info.plist */,
			);
			path = GroupGroceryListTests;
			sourceTree = "<group>";
		};
		295D1F51272073B900D23887 /* GroupGroceryListUITests */ = {
			isa = PBXGroup;
			children = (
				295D1F52272073B900D23887 /* GroupGroceryListUITests.swift */,
				295D1F54272073B900D23887 /* Info.plist */,
			);
			path = GroupGroceryListUITests;
			sourceTree = "<group>";
		};
/* End PBXGroup section */

/* Begin PBXNativeTarget section */
		295D1F2C272073AD00D23887 /* GroupGroceryList */ = {
			isa = PBXNativeTarget;
			buildConfigurationList = 295D1F57272073B900D23887 /* Build configuration list for PBXNativeTarget "GroupGroceryList" */;
			buildPhases = (
				295D1F29272073AD00D23887 /* Sources */,
				295D1F2A272073AD00D23887 /* Frameworks */,
				295D1F2B272073AD00D23887 /* Resources */,
			);
			buildRules = (
			);
			dependencies = (
			);
			name = GroupGroceryList;
			productName = GroupGroceryList;
			productReference = 295D1F2D272073AD00D23887 /* GroupGroceryList.app */;
			productType = "com.apple.product-type.application";
		};
		295D1F42272073B900D23887 /* GroupGroceryListTests */ = {
			isa = PBXNativeTarget;
			buildConfigurationList = 295D1F5A272073B900D23887 /* Build configuration list for PBXNativeTarget "GroupGroceryListTests" */;
			buildPhases = (
				295D1F3F272073B900D23887 /* Sources */,
				295D1F40272073B900D23887 /* Frameworks */,
				295D1F41272073B900D23887 /* Resources */,
			);
			buildRules = (
			);
			dependencies = (
				295D1F45272073B900D23887 /* PBXTargetDependency */,
			);
			name = GroupGroceryListTests;
			productName = GroupGroceryListTests;
			productReference = 295D1F43272073B900D23887 /* GroupGroceryListTests.xctest */;
			productType = "com.apple.product-type.bundle.unit-test";
		};
		295D1F4D272073B900D23887 /* GroupGroceryListUITests */ = {
			isa = PBXNativeTarget;
			buildConfigurationList = 295D1F5D272073B900D23887 /* Build configuration list for PBXNativeTarget "GroupGroceryListUITests" */;
			buildPhases = (
				295D1F4A272073B900D23887 /* Sources */,
				295D1F4B272073B900D23887 /* Frameworks */,
				295D1F4C272073B900D23887 /* Resources */,
			);
			buildRules = (
			);
			dependencies = (
				295D1F50272073B900D23887 /* PBXTargetDependency */,
			);
			name = GroupGroceryListUITests;
			productName = GroupGroceryListUITests;
			productReference = 295D1F4E272073B900D23887 /* GroupGroceryListUITests.xctest */;
			productType = "com.apple.product-type.bundle.ui-testing";
		};
/* End PBXNativeTarget section */

/* Begin PBXProject section */
		295D1F25272073AD00D23887 /* Project object */ = {
			isa = PBXProject;
			attributes = {
				LastSwiftUpdateCheck = 1250;
				LastUpgradeCheck = 1250;
				TargetAttributes = {
					295D1F2C272073AD00D23887 = {
						CreatedOnToolsVersion = 12.5.1;
					};
					295D1F42272073B900D23887 = {
						CreatedOnToolsVersion = 12.5.1;
						TestTargetID = 295D1F2C272073AD00D23887;
					};
					295D1F4D272073B900D23887 = {
						CreatedOnToolsVersion = 12.5.1;
						TestTargetID = 295D1F2C272073AD00D23887;
					};
				};
			};
			buildConfigurationList = 295D1F28272073AD00D23887 /* Build configuration list for PBXProject "GroupGroceryList" */;
			compatibilityVersion = "Xcode 9.3";
			developmentRegion = en;
			hasScannedForEncodings = 0;
			knownRegions = (
				en,
				Base,
			);
			mainGroup = 295D1F24272073AD00D23887;
			productRefGroup = 295D1F2E272073AD00D23887 /* Products */;
			projectDirPath = "";
			projectRoot = "";
			targets = (
				295D1F2C272073AD00D23887 /* GroupGroceryList */,
				295D1F42272073B900D23887 /* GroupGroceryListTests */,
				295D1F4D272073B900D23887 /* GroupGroceryListUITests */,
			);
		};
/* End PBXProject section */

/* Begin PBXResourcesBuildPhase section */
		295D1F2B272073AD00D23887 /* Resources */ = {
			isa = PBXResourcesBuildPhase;
			buildActionMask = 2147483647;
			files = (
				295D1F3D272073B900D23887 /* LaunchScreen.storyboard in Resources */,
				295D1F3A272073B900D23887 /* Assets.xcassets in Resources */,
				295D1F38272073AD00D23887 /* Main.storyboard in Resources */,
			);
			runOnlyForDeploymentPostprocessing = 0;
		};
		295D1F41272073B900D23887 /* Resources */ = {
			isa = PBXResourcesBuildPhase;
			buildActionMask = 2147483647;
			files = (
			);
			runOnlyForDeploymentPostprocessing = 0;
		};
		295D1F4C272073B900D23887 /* Resources */ = {
			isa = PBXResourcesBuildPhase;
			buildActionMask = 2147483647;
			files = (
			);
			runOnlyForDeploymentPostprocessing = 0;
		};
/* End PBXResourcesBuildPhase section */

/* Begin PBXSourcesBuildPhase section */
		295D1F29272073AD00D23887 /* Sources */ = {
			isa = PBXSourcesBuildPhase;
			buildActionMask = 2147483647;
			files = (
				295D1F35272073AD00D23887 /* ViewController.swift in Sources */,
				295D1F31272073AD00D23887 /* AppDelegate.swift in Sources */,
				295D1F33272073AD00D23887 /* SceneDelegate.swift in Sources */,
			);
			runOnlyForDeploymentPostprocessing = 0;
		};
		295D1F3F272073B900D23887 /* Sources */ = {
			isa = PBXSourcesBuildPhase;
			buildActionMask = 2147483647;
			files = (
				295D1F48272073B900D23887 /* GroupGroceryListTests.swift in Sources */,
			);
			runOnlyForDeploymentPostprocessing = 0;
		};
		295D1F4A272073B900D23887 /* Sources */ = {
			isa = PBXSourcesBuildPhase;
			buildActionMask = 2147483647;
			files = (
				295D1F53272073B900D23887 /* GroupGroceryListUITests.swift in Sources */,
			);
			runOnlyForDeploymentPostprocessing = 0;
		};
/* End PBXSourcesBuildPhase section */

/* Begin PBXTargetDependency section */
		295D1F45272073B900D23887 /* PBXTargetDependency */ = {
			isa = PBXTargetDependency;
			target = 295D1F2C272073AD00D23887 /* GroupGroceryList */;
			targetProxy = 295D1F44272073B900D23887 /* PBXContainerItemProxy */;
		};
		295D1F50272073B900D23887 /* PBXTargetDependency */ = {
			isa = PBXTargetDependency;
			target = 295D1F2C272073AD00D23887 /* GroupGroceryList */;
			targetProxy = 295D1F4F272073B900D23887 /* PBXContainerItemProxy */;
		};
/* End PBXTargetDependency section */

/* Begin PBXVariantGroup section */
		295D1F36272073AD00D23887 /* Main.storyboard */ = {
			isa = PBXVariantGroup;
			children = (
				295D1F37272073AD00D23887 /* Base */,
			);
			name = Main.storyboard;
			sourceTree = "<group>";
		};
		295D1F3B272073B900D23887 /* LaunchScreen.storyboard */ = {
			isa = PBXVariantGroup;
			children = (
				295D1F3C272073B900D23887 /* Base */,
			);
			name = LaunchScreen.storyboard;
			sourceTree = "<group>";
		};
/* End PBXVariantGroup section */

/* Begin XCBuildConfiguration section */
		295D1F55272073B900D23887 /* Debug */ = {
			isa = XCBuildConfiguration;
			buildSettings = {
				ALWAYS_SEARCH_USER_PATHS = NO;
				CLANG_ANALYZER_NONNULL = YES;
				CLANG_ANALYZER_NUMBER_OBJECT_CONVERSION = YES_AGGRESSIVE;
				CLANG_CXX_LANGUAGE_STANDARD = "gnu++14";
				CLANG_CXX_LIBRARY = "libc++";
				CLANG_ENABLE_MODULES = YES;
				CLANG_ENABLE_OBJC_ARC = YES;
				CLANG_ENABLE_OBJC_WEAK = YES;
				CLANG_WARN_BLOCK_CAPTURE_AUTORELEASING = YES;
				CLANG_WARN_BOOL_CONVERSION = YES;
				CLANG_WARN_COMMA = YES;
				CLANG_WARN_CONSTANT_CONVERSION = YES;
				CLANG_WARN_DEPRECATED_OBJC_IMPLEMENTATIONS = YES;
				CLANG_WARN_DIRECT_OBJC_ISA_USAGE = YES_ERROR;
				CLANG_WARN_DOCUMENTATION_COMMENTS = YES;
				CLANG_WARN_EMPTY_BODY = YES;
				CLANG_WARN_ENUM_CONVERSION = YES;
				CLANG_WARN_INFINITE_RECURSION = YES;
				CLANG_WARN_INT_CONVERSION = YES;
				CLANG_WARN_NON_LITERAL_NULL_CONVERSION = YES;
				CLANG_WARN_OBJC_IMPLICIT_RETAIN_SELF = YES;
				CLANG_WARN_OBJC_LITERAL_CONVERSION = YES;
				CLANG_WARN_OBJC_ROOT_CLASS = YES_ERROR;
				CLANG_WARN_QUOTED_INCLUDE_IN_FRAMEWORK_HEADER = YES;
				CLANG_WARN_RANGE_LOOP_ANALYSIS = YES;
				CLANG_WARN_STRICT_PROTOTYPES = YES;
				CLANG_WARN_SUSPICIOUS_MOVE = YES;
				CLANG_WARN_UNGUARDED_AVAILABILITY = YES_AGGRESSIVE;
				CLANG_WARN_UNREACHABLE_CODE = YES;
				CLANG_WARN__DUPLICATE_METHOD_MATCH = YES;
				COPY_PHASE_STRIP = NO;
				DEBUG_INFORMATION_FORMAT = dwarf;
				ENABLE_STRICT_OBJC_MSGSEND = YES;
				ENABLE_TESTABILITY = YES;
				GCC_C_LANGUAGE_STANDARD = gnu11;
				GCC_DYNAMIC_NO_PIC = NO;
				GCC_NO_COMMON_BLOCKS = YES;
				GCC_OPTIMIZATION_LEVEL = 0;
				GCC_PREPROCESSOR_DEFINITIONS = (
					"DEBUG=1",
					"$(inherited)",
				);
				GCC_WARN_64_TO_32_BIT_CONVERSION = YES;
				GCC_WARN_ABOUT_RETURN_TYPE = YES_ERROR;
				GCC_WARN_UNDECLARED_SELECTOR = YES;
				GCC_WARN_UNINITIALIZED_AUTOS = YES_AGGRESSIVE;
				GCC_WARN_UNUSED_FUNCTION = YES;
				GCC_WARN_UNUSED_VARIABLE = YES;
				IPHONEOS_DEPLOYMENT_TARGET = 14.5;
				MTL_ENABLE_DEBUG_INFO = INCLUDE_SOURCE;
				MTL_FAST_MATH = YES;
				ONLY_ACTIVE_ARCH = YES;
				SDKROOT = iphoneos;
				SWIFT_ACTIVE_COMPILATION_CONDITIONS = DEBUG;
				SWIFT_OPTIMIZATION_LEVEL = "-Onone";
			};
			name = Debug;
		};
		295D1F56272073B900D23887 /* Release */ = {
			isa = XCBuildConfiguration;
			buildSettings = {
				ALWAYS_SEARCH_USER_PATHS = NO;
				CLANG_ANALYZER_NONNULL = YES;
				CLANG_ANALYZER_NUMBER_OBJECT_CONVERSION = YES_AGGRESSIVE;
				CLANG_CXX_LANGUAGE_STANDARD = "gnu++14";
				CLANG_CXX_LIBRARY = "libc++";
				CLANG_ENABLE_MODULES = YES;
				CLANG_ENABLE_OBJC_ARC = YES;
				CLANG_ENABLE_OBJC_WEAK = YES;
				CLANG_WARN_BLOCK_CAPTURE_AUTORELEASING = YES;
				CLANG_WARN_BOOL_CONVERSION = YES;
				CLANG_WARN_COMMA = YES;
				CLANG_WARN_CONSTANT_CONVERSION = YES;
				CLANG_WARN_DEPRECATED_OBJC_IMPLEMENTATIONS = YES;
				CLANG_WARN_DIRECT_OBJC_ISA_USAGE = YES_ERROR;
				CLANG_WARN_DOCUMENTATION_COMMENTS = YES;
				CLANG_WARN_EMPTY_BODY = YES;
				CLANG_WARN_ENUM_CONVERSION = YES;
				CLANG_WARN_INFINITE_RECURSION = YES;
				CLANG_WARN_INT_CONVERSION = YES;
				CLANG_WARN_NON_LITERAL_NULL_CONVERSION = YES;
				CLANG_WARN_OBJC_IMPLICIT_RETAIN_SELF = YES;
				CLANG_WARN_OBJC_LITERAL_CONVERSION = YES;
				CLANG_WARN_OBJC_ROOT_CLASS = YES_ERROR;
				CLANG_WARN_QUOTED_INCLUDE_IN_FRAMEWORK_HEADER = YES;
				CLANG_WARN_RANGE_LOOP_ANALYSIS = YES;
				CLANG_WARN_STRICT_PROTOTYPES = YES;
				CLANG_WARN_SUSPICIOUS_MOVE = YES;
				CLANG_WARN_UNGUARDED_AVAILABILITY = YES_AGGRESSIVE;
				CLANG_WARN_UNREACHABLE_CODE = YES;
				CLANG_WARN__DUPLICATE_METHOD_MATCH = YES;
				COPY_PHASE_STRIP = NO;
				DEBUG_INFORMATION_FORMAT = "dwarf-with-dsym";
				ENABLE_NS_ASSERTIONS = NO;
				ENABLE_STRICT_OBJC_MSGSEND = YES;
				GCC_C_LANGUAGE_STANDARD = gnu11;
				GCC_NO_COMMON_BLOCKS = YES;
				GCC_WARN_64_TO_32_BIT_CONVERSION = YES;
				GCC_WARN_ABOUT_RETURN_TYPE = YES_ERROR;
				GCC_WARN_UNDECLARED_SELECTOR = YES;
				GCC_WARN_UNINITIALIZED_AUTOS = YES_AGGRESSIVE;
				GCC_WARN_UNUSED_FUNCTION = YES;
				GCC_WARN_UNUSED_VARIABLE = YES;
				IPHONEOS_DEPLOYMENT_TARGET = 14.5;
				MTL_ENABLE_DEBUG_INFO = NO;
				MTL_FAST_MATH = YES;
				SDKROOT = iphoneos;
				SWIFT_COMPILATION_MODE = wholemodule;
				SWIFT_OPTIMIZATION_LEVEL = "-O";
				VALIDATE_PRODUCT = YES;
			};
			name = Release;
		};
		295D1F58272073B900D23887 /* Debug */ = {
			isa = XCBuildConfiguration;
			buildSettings = {
				ASSETCATALOG_COMPILER_APPICON_NAME = AppIcon;
				ASSETCATALOG_COMPILER_GLOBAL_ACCENT_COLOR_NAME = AccentColor;
				CODE_SIGN_STYLE = Automatic;
				INFOPLIST_FILE = GroupGroceryList/Info.plist;
				LD_RUNPATH_SEARCH_PATHS = (
					"$(inherited)",
					"@executable_path/Frameworks",
				);
				PRODUCT_BUNDLE_IDENTIFIER = izlatkin.GroupGroceryList;
				PRODUCT_NAME = "$(TARGET_NAME)";
				SWIFT_VERSION = 5.0;
				TARGETED_DEVICE_FAMILY = "1,2";
			};
			name = Debug;
		};
		295D1F59272073B900D23887 /* Release */ = {
			isa = XCBuildConfiguration;
			buildSettings = {
				ASSETCATALOG_COMPILER_APPICON_NAME = AppIcon;
				ASSETCATALOG_COMPILER_GLOBAL_ACCENT_COLOR_NAME = AccentColor;
				CODE_SIGN_STYLE = Automatic;
				INFOPLIST_FILE = GroupGroceryList/Info.plist;
				LD_RUNPATH_SEARCH_PATHS = (
					"$(inherited)",
					"@executable_path/Frameworks",
				);
				PRODUCT_BUNDLE_IDENTIFIER = izlatkin.GroupGroceryList;
				PRODUCT_NAME = "$(TARGET_NAME)";
				SWIFT_VERSION = 5.0;
				TARGETED_DEVICE_FAMILY = "1,2";
			};
			name = Release;
		};
		295D1F5B272073B900D23887 /* Debug */ = {
			isa = XCBuildConfiguration;
			buildSettings = {
				ALWAYS_EMBED_SWIFT_STANDARD_LIBRARIES = YES;
				BUNDLE_LOADER = "$(TEST_HOST)";
				CODE_SIGN_STYLE = Automatic;
				INFOPLIST_FILE = GroupGroceryListTests/Info.plist;
				IPHONEOS_DEPLOYMENT_TARGET = 14.5;
				LD_RUNPATH_SEARCH_PATHS = (
					"$(inherited)",
					"@executable_path/Frameworks",
					"@loader_path/Frameworks",
				);
				PRODUCT_BUNDLE_IDENTIFIER = izlatkin.GroupGroceryListTests;
				PRODUCT_NAME = "$(TARGET_NAME)";
				SWIFT_VERSION = 5.0;
				TARGETED_DEVICE_FAMILY = "1,2";
				TEST_HOST = "$(BUILT_PRODUCTS_DIR)/GroupGroceryList.app/GroupGroceryList";
			};
			name = Debug;
		};
		295D1F5C272073B900D23887 /* Release */ = {
			isa = XCBuildConfiguration;
			buildSettings = {
				ALWAYS_EMBED_SWIFT_STANDARD_LIBRARIES = YES;
				BUNDLE_LOADER = "$(TEST_HOST)";
				CODE_SIGN_STYLE = Automatic;
				INFOPLIST_FILE = GroupGroceryListTests/Info.plist;
				IPHONEOS_DEPLOYMENT_TARGET = 14.5;
				LD_RUNPATH_SEARCH_PATHS = (
					"$(inherited)",
					"@executable_path/Frameworks",
					"@loader_path/Frameworks",
				);
				PRODUCT_BUNDLE_IDENTIFIER = izlatkin.GroupGroceryListTests;
				PRODUCT_NAME = "$(TARGET_NAME)";
				SWIFT_VERSION = 5.0;
				TARGETED_DEVICE_FAMILY = "1,2";
				TEST_HOST = "$(BUILT_PRODUCTS_DIR)/GroupGroceryList.app/GroupGroceryList";
			};
			name = Release;
		};
		295D1F5E272073B900D23887 /* Debug */ = {
			isa = XCBuildConfiguration;
			buildSettings = {
				ALWAYS_EMBED_SWIFT_STANDARD_LIBRARIES = YES;
				CODE_SIGN_STYLE = Automatic;
				INFOPLIST_FILE = GroupGroceryListUITests/Info.plist;
				LD_RUNPATH_SEARCH_PATHS = (
					"$(inherited)",
					"@executable_path/Frameworks",
					"@loader_path/Frameworks",
				);
				PRODUCT_BUNDLE_IDENTIFIER = izlatkin.GroupGroceryListUITests;
				PRODUCT_NAME = "$(TARGET_NAME)";
				SWIFT_VERSION = 5.0;
				TARGETED_DEVICE_FAMILY = "1,2";
				TEST_TARGET_NAME = GroupGroceryList;
			};
			name = Debug;
		};
		295D1F5F272073B900D23887 /* Release */ = {
			isa = XCBuildConfiguration;
			buildSettings = {
				ALWAYS_EMBED_SWIFT_STANDARD_LIBRARIES = YES;
				CODE_SIGN_STYLE = Automatic;
				INFOPLIST_FILE = GroupGroceryListUITests/Info.plist;
				LD_RUNPATH_SEARCH_PATHS = (
					"$(inherited)",
					"@executable_path/Frameworks",
					"@loader_path/Frameworks",
				);
				PRODUCT_BUNDLE_IDENTIFIER = izlatkin.GroupGroceryListUITests;
				PRODUCT_NAME = "$(TARGET_NAME)";
				SWIFT_VERSION = 5.0;
				TARGETED_DEVICE_FAMILY = "1,2";
				TEST_TARGET_NAME = GroupGroceryList;
			};
			name = Release;
		};
/* End XCBuildConfiguration section */

/* Begin XCConfigurationList section */
		295D1F28272073AD00D23887 /* Build configuration list for PBXProject "GroupGroceryList" */ = {
			isa = XCConfigurationList;
			buildConfigurations = (
				295D1F55272073B900D23887 /* Debug */,
				295D1F56272073B900D23887 /* Release */,
			);
			defaultConfigurationIsVisible = 0;
			defaultConfigurationName = Release;
		};
		295D1F57272073B900D23887 /* Build configuration list for PBXNativeTarget "GroupGroceryList" */ = {
			isa = XCConfigurationList;
			buildConfigurations = (
				295D1F58272073B900D23887 /* Debug */,
				295D1F59272073B900D23887 /* Release */,
			);
			defaultConfigurationIsVisible = 0;
			defaultConfigurationName = Release;
		};
		295D1F5A272073B900D23887 /* Build configuration list for PBXNativeTarget "GroupGroceryListTests" */ = {
			isa = XCConfigurationList;
			buildConfigurations = (
				295D1F5B272073B900D23887 /* Debug */,
				295D1F5C272073B900D23887 /* Release */,
			);
			defaultConfigurationIsVisible = 0;
			defaultConfigurationName = Release;
		};
		295D1F5D272073B900D23887 /* Build configuration list for PBXNativeTarget "GroupGroceryListUITests" */ = {
			isa = XCConfigurationList;
			buildConfigurations = (
				295D1F5E272073B900D23887 /* Debug */,
				295D1F5F272073B900D23887 /* Release */,
			);
			defaultConfigurationIsVisible = 0;
			defaultConfigurationName = Release;
		};
/* End XCConfigurationList section */
	};
	rootObject = 295D1F25272073AD00D23887 /* Project object */;
}
